
Microsoft Visual Studio Solution File, Format Version 12.00
# Visual Studio Version 17
VisualStudioVersion = 17.7.34009.444
MinimumVisualStudioVersion = 10.0.40219.1
Project("{2150E333-8FDC-42A3-9474-1A3956D46DE8}") = "Patrons", "Patrons", "{FAC07E09-44EA-46B4-BB9A-9A13C971251C}"
EndProject
Project("{2150E333-8FDC-42A3-9474-1A3956D46DE8}") = "Books", "Books", "{AC11E3C2-9583-48DF-97C1-3EE578D8E7DD}"
EndProject
Project("{2150E333-8FDC-42A3-9474-1A3956D46DE8}") = "Records", "Records", "{B717CEA8-4D41-41CC-AB40-15C41CAC1758}"
EndProject
Project("{FAE04EC0-301F-11D3-BF4B-00C04F79EFBC}") = "Patron.App", "src\Patron.App\Patron.App.csproj", "{0A7DB508-653D-4AFF-8F6F-69FAD9F06C3D}"
EndProject
Project("{FAE04EC0-301F-11D3-BF4B-00C04F79EFBC}") = "Librarian.App", "src\Librarian.App\Librarian.App.csproj", "{2AD3677F-9E05-42CD-AE24-D7FDCB3D7D78}"
EndProject
Project("{2150E333-8FDC-42A3-9474-1A3956D46DE8}") = "src", "src", "{FB891D1B-13B2-456C-B39F-32210ABF7D8A}"
EndProject
Project("{2150E333-8FDC-42A3-9474-1A3956D46DE8}") = "test", "test", "{58AD259C-FDAC-402F-BE2C-71AF9C53DA7B}"
EndProject
Project("{2150E333-8FDC-42A3-9474-1A3956D46DE8}") = "src", "src", "{F030F102-66F2-4521-833B-84B2210B244E}"
EndProject
Project("{2150E333-8FDC-42A3-9474-1A3956D46DE8}") = "test", "test", "{BB0B517B-ABA1-4AD5-B584-1154741F0DDF}"
EndProject
Project("{2150E333-8FDC-42A3-9474-1A3956D46DE8}") = "src", "src", "{6FAF9E25-CBFF-49AB-BC04-2F2B6A0624A8}"
EndProject
Project("{2150E333-8FDC-42A3-9474-1A3956D46DE8}") = "test", "test", "{11BD2CC6-8CBB-40CE-8DEC-DC44EF0F1636}"
EndProject
Project("{FAE04EC0-301F-11D3-BF4B-00C04F79EFBC}") = "Books.Client", "Books\src\Books.Client\Books.Client.csproj", "{4CFBD85A-5658-4A55-9526-197DAC3BF0D5}"
EndProject
Project("{FAE04EC0-301F-11D3-BF4B-00C04F79EFBC}") = "Books.Domain", "Books\src\Books.Domain\Books.Domain.csproj", "{05C9E539-0573-4040-9B2B-EA47F3B782C3}"
EndProject
Project("{FAE04EC0-301F-11D3-BF4B-00C04F79EFBC}") = "Books.Application", "Books\src\Books.Application\Books.Application.csproj", "{93DA0994-E2FE-4D0F-B9E8-589CA815105F}"
EndProject
Project("{FAE04EC0-301F-11D3-BF4B-00C04F79EFBC}") = "Books.Infrastructure", "Books\src\Books.Infrastructure\Books.Infrastructure.csproj", "{059D1819-CF0D-49FF-A743-03AA54F29E87}"
EndProject
Project("{FAE04EC0-301F-11D3-BF4B-00C04F79EFBC}") = "Books.Application.Test", "Books\test\Books.Application.Test\Books.Application.Test.csproj", "{ADD4D209-165A-4717-9727-5C440660AB5B}"
EndProject
Project("{FAE04EC0-301F-11D3-BF4B-00C04F79EFBC}") = "Patrons.Client", "Patrons\src\Patrons.Client\Patrons.Client.csproj", "{1AADE533-194E-48A4-98B9-1ECC86DB6B36}"
EndProject
Project("{FAE04EC0-301F-11D3-BF4B-00C04F79EFBC}") = "Patrons.Application", "Patrons\src\Patrons.Application\Patrons.Application.csproj", "{F59FC517-0DF8-4632-ABDC-43B09CBE983F}"
EndProject
Project("{FAE04EC0-301F-11D3-BF4B-00C04F79EFBC}") = "Patrons.Infrastructure", "Patrons\src\Patrons.Infrastructure\Patrons.Infrastructure.csproj", "{029170EF-104E-4DC9-B16B-ED6535E2EA23}"
EndProject
Project("{FAE04EC0-301F-11D3-BF4B-00C04F79EFBC}") = "Patrons.Domain", "Patrons\src\Patrons.Domain\Patrons.Domain.csproj", "{E5BD2460-C938-4FC0-80D7-D9A29B31DB27}"
EndProject
Project("{FAE04EC0-301F-11D3-BF4B-00C04F79EFBC}") = "Patrons.Application.Test", "Patrons\test\Patrons.Application.Test\Patrons.Application.Test.csproj", "{DCB27587-5263-45DB-AE2D-BAEB984B75B5}"
EndProject
Project("{FAE04EC0-301F-11D3-BF4B-00C04F79EFBC}") = "Records.Client", "Records\src\Records.Client\Records.Client.csproj", "{0671DFAD-CF6E-49BF-9806-35F134420BA1}"
EndProject
Project("{FAE04EC0-301F-11D3-BF4B-00C04F79EFBC}") = "Records.Application", "Records\src\Records.Application\Records.Application.csproj", "{F3AAC9AF-FDA0-4A07-AD90-19227A47AADD}"
EndProject
Project("{FAE04EC0-301F-11D3-BF4B-00C04F79EFBC}") = "Records.Infrastructure", "Records\src\Records.Infrastructure\Records.Infrastructure.csproj", "{9922F0B3-7A62-4993-9829-2C154D5652D2}"
EndProject
Project("{FAE04EC0-301F-11D3-BF4B-00C04F79EFBC}") = "Records.Domain", "Records\src\Records.Domain\Records.Domain.csproj", "{8F95C433-849C-4534-B0BC-44FC43940A55}"
EndProject
Project("{FAE04EC0-301F-11D3-BF4B-00C04F79EFBC}") = "Records.Application.Test", "Records\test\Records.Application.Test\Records.Application.Test.csproj", "{B54BBE17-731A-4CD0-8AEA-0E1371782DF0}"
EndProject
Global
	GlobalSection(SolutionConfigurationPlatforms) = preSolution
		Debug|Any CPU = Debug|Any CPU
		Release|Any CPU = Release|Any CPU
	EndGlobalSection
	GlobalSection(ProjectConfigurationPlatforms) = postSolution
		{0A7DB508-653D-4AFF-8F6F-69FAD9F06C3D}.Debug|Any CPU.ActiveCfg = Debug|Any CPU
		{0A7DB508-653D-4AFF-8F6F-69FAD9F06C3D}.Debug|Any CPU.Build.0 = Debug|Any CPU
		{0A7DB508-653D-4AFF-8F6F-69FAD9F06C3D}.Release|Any CPU.ActiveCfg = Release|Any CPU
		{0A7DB508-653D-4AFF-8F6F-69FAD9F06C3D}.Release|Any CPU.Build.0 = Release|Any CPU
		{2AD3677F-9E05-42CD-AE24-D7FDCB3D7D78}.Debug|Any CPU.ActiveCfg = Debug|Any CPU
		{2AD3677F-9E05-42CD-AE24-D7FDCB3D7D78}.Debug|Any CPU.Build.0 = Debug|Any CPU
		{2AD3677F-9E05-42CD-AE24-D7FDCB3D7D78}.Release|Any CPU.ActiveCfg = Release|Any CPU
		{2AD3677F-9E05-42CD-AE24-D7FDCB3D7D78}.Release|Any CPU.Build.0 = Release|Any CPU
		{4CFBD85A-5658-4A55-9526-197DAC3BF0D5}.Debug|Any CPU.ActiveCfg = Debug|Any CPU
		{4CFBD85A-5658-4A55-9526-197DAC3BF0D5}.Debug|Any CPU.Build.0 = Debug|Any CPU
		{4CFBD85A-5658-4A55-9526-197DAC3BF0D5}.Release|Any CPU.ActiveCfg = Release|Any CPU
		{4CFBD85A-5658-4A55-9526-197DAC3BF0D5}.Release|Any CPU.Build.0 = Release|Any CPU
		{05C9E539-0573-4040-9B2B-EA47F3B782C3}.Debug|Any CPU.ActiveCfg = Debug|Any CPU
		{05C9E539-0573-4040-9B2B-EA47F3B782C3}.Debug|Any CPU.Build.0 = Debug|Any CPU
		{05C9E539-0573-4040-9B2B-EA47F3B782C3}.Release|Any CPU.ActiveCfg = Release|Any CPU
		{05C9E539-0573-4040-9B2B-EA47F3B782C3}.Release|Any CPU.Build.0 = Release|Any CPU
		{93DA0994-E2FE-4D0F-B9E8-589CA815105F}.Debug|Any CPU.ActiveCfg = Debug|Any CPU
		{93DA0994-E2FE-4D0F-B9E8-589CA815105F}.Debug|Any CPU.Build.0 = Debug|Any CPU
		{93DA0994-E2FE-4D0F-B9E8-589CA815105F}.Release|Any CPU.ActiveCfg = Release|Any CPU
		{93DA0994-E2FE-4D0F-B9E8-589CA815105F}.Release|Any CPU.Build.0 = Release|Any CPU
		{059D1819-CF0D-49FF-A743-03AA54F29E87}.Debug|Any CPU.ActiveCfg = Debug|Any CPU
		{059D1819-CF0D-49FF-A743-03AA54F29E87}.Debug|Any CPU.Build.0 = Debug|Any CPU
		{059D1819-CF0D-49FF-A743-03AA54F29E87}.Release|Any CPU.ActiveCfg = Release|Any CPU
		{059D1819-CF0D-49FF-A743-03AA54F29E87}.Release|Any CPU.Build.0 = Release|Any CPU
		{ADD4D209-165A-4717-9727-5C440660AB5B}.Debug|Any CPU.ActiveCfg = Debug|Any CPU
		{ADD4D209-165A-4717-9727-5C440660AB5B}.Debug|Any CPU.Build.0 = Debug|Any CPU
		{ADD4D209-165A-4717-9727-5C440660AB5B}.Release|Any CPU.ActiveCfg = Release|Any CPU
		{ADD4D209-165A-4717-9727-5C440660AB5B}.Release|Any CPU.Build.0 = Release|Any CPU
		{1AADE533-194E-48A4-98B9-1ECC86DB6B36}.Debug|Any CPU.ActiveCfg = Debug|Any CPU
		{1AADE533-194E-48A4-98B9-1ECC86DB6B36}.Debug|Any CPU.Build.0 = Debug|Any CPU
		{1AADE533-194E-48A4-98B9-1ECC86DB6B36}.Release|Any CPU.ActiveCfg = Release|Any CPU
		{1AADE533-194E-48A4-98B9-1ECC86DB6B36}.Release|Any CPU.Build.0 = Release|Any CPU
		{F59FC517-0DF8-4632-ABDC-43B09CBE983F}.Debug|Any CPU.ActiveCfg = Debug|Any CPU
		{F59FC517-0DF8-4632-ABDC-43B09CBE983F}.Debug|Any CPU.Build.0 = Debug|Any CPU
		{F59FC517-0DF8-4632-ABDC-43B09CBE983F}.Release|Any CPU.ActiveCfg = Release|Any CPU
		{F59FC517-0DF8-4632-ABDC-43B09CBE983F}.Release|Any CPU.Build.0 = Release|Any CPU
		{029170EF-104E-4DC9-B16B-ED6535E2EA23}.Debug|Any CPU.ActiveCfg = Debug|Any CPU
		{029170EF-104E-4DC9-B16B-ED6535E2EA23}.Debug|Any CPU.Build.0 = Debug|Any CPU
		{029170EF-104E-4DC9-B16B-ED6535E2EA23}.Release|Any CPU.ActiveCfg = Release|Any CPU
		{029170EF-104E-4DC9-B16B-ED6535E2EA23}.Release|Any CPU.Build.0 = Release|Any CPU
		{E5BD2460-C938-4FC0-80D7-D9A29B31DB27}.Debug|Any CPU.ActiveCfg = Debug|Any CPU
		{E5BD2460-C938-4FC0-80D7-D9A29B31DB27}.Debug|Any CPU.Build.0 = Debug|Any CPU
		{E5BD2460-C938-4FC0-80D7-D9A29B31DB27}.Release|Any CPU.ActiveCfg = Release|Any CPU
		{E5BD2460-C938-4FC0-80D7-D9A29B31DB27}.Release|Any CPU.Build.0 = Release|Any CPU
		{DCB27587-5263-45DB-AE2D-BAEB984B75B5}.Debug|Any CPU.ActiveCfg = Debug|Any CPU
		{DCB27587-5263-45DB-AE2D-BAEB984B75B5}.Debug|Any CPU.Build.0 = Debug|Any CPU
		{DCB27587-5263-45DB-AE2D-BAEB984B75B5}.Release|Any CPU.ActiveCfg = Release|Any CPU
		{DCB27587-5263-45DB-AE2D-BAEB984B75B5}.Release|Any CPU.Build.0 = Release|Any CPU
		{0671DFAD-CF6E-49BF-9806-35F134420BA1}.Debug|Any CPU.ActiveCfg = Debug|Any CPU
		{0671DFAD-CF6E-49BF-9806-35F134420BA1}.Debug|Any CPU.Build.0 = Debug|Any CPU
		{0671DFAD-CF6E-49BF-9806-35F134420BA1}.Release|Any CPU.ActiveCfg = Release|Any CPU
		{0671DFAD-CF6E-49BF-9806-35F134420BA1}.Release|Any CPU.Build.0 = Release|Any CPU
		{F3AAC9AF-FDA0-4A07-AD90-19227A47AADD}.Debug|Any CPU.ActiveCfg = Debug|Any CPU
		{F3AAC9AF-FDA0-4A07-AD90-19227A47AADD}.Debug|Any CPU.Build.0 = Debug|Any CPU
		{F3AAC9AF-FDA0-4A07-AD90-19227A47AADD}.Release|Any CPU.ActiveCfg = Release|Any CPU
		{F3AAC9AF-FDA0-4A07-AD90-19227A47AADD}.Release|Any CPU.Build.0 = Release|Any CPU
		{9922F0B3-7A62-4993-9829-2C154D5652D2}.Debug|Any CPU.ActiveCfg = Debug|Any CPU
		{9922F0B3-7A62-4993-9829-2C154D5652D2}.Debug|Any CPU.Build.0 = Debug|Any CPU
		{9922F0B3-7A62-4993-9829-2C154D5652D2}.Release|Any CPU.ActiveCfg = Release|Any CPU
		{9922F0B3-7A62-4993-9829-2C154D5652D2}.Release|Any CPU.Build.0 = Release|Any CPU
		{8F95C433-849C-4534-B0BC-44FC43940A55}.Debug|Any CPU.ActiveCfg = Debug|Any CPU
		{8F95C433-849C-4534-B0BC-44FC43940A55}.Debug|Any CPU.Build.0 = Debug|Any CPU
		{8F95C433-849C-4534-B0BC-44FC43940A55}.Release|Any CPU.ActiveCfg = Release|Any CPU
		{8F95C433-849C-4534-B0BC-44FC43940A55}.Release|Any CPU.Build.0 = Release|Any CPU
		{B54BBE17-731A-4CD0-8AEA-0E1371782DF0}.Debug|Any CPU.ActiveCfg = Debug|Any CPU
		{B54BBE17-731A-4CD0-8AEA-0E1371782DF0}.Debug|Any CPU.Build.0 = Debug|Any CPU
		{B54BBE17-731A-4CD0-8AEA-0E1371782DF0}.Release|Any CPU.ActiveCfg = Release|Any CPU
		{B54BBE17-731A-4CD0-8AEA-0E1371782DF0}.Release|Any CPU.Build.0 = Release|Any CPU
	EndGlobalSection
	GlobalSection(SolutionProperties) = preSolution
		HideSolutionNode = FALSE
	EndGlobalSection
	GlobalSection(NestedProjects) = preSolution
		{FB891D1B-13B2-456C-B39F-32210ABF7D8A} = {AC11E3C2-9583-48DF-97C1-3EE578D8E7DD}
		{58AD259C-FDAC-402F-BE2C-71AF9C53DA7B} = {AC11E3C2-9583-48DF-97C1-3EE578D8E7DD}
		{F030F102-66F2-4521-833B-84B2210B244E} = {FAC07E09-44EA-46B4-BB9A-9A13C971251C}
		{BB0B517B-ABA1-4AD5-B584-1154741F0DDF} = {B717CEA8-4D41-41CC-AB40-15C41CAC1758}
		{6FAF9E25-CBFF-49AB-BC04-2F2B6A0624A8} = {B717CEA8-4D41-41CC-AB40-15C41CAC1758}
		{11BD2CC6-8CBB-40CE-8DEC-DC44EF0F1636} = {FAC07E09-44EA-46B4-BB9A-9A13C971251C}
		{4CFBD85A-5658-4A55-9526-197DAC3BF0D5} = {FB891D1B-13B2-456C-B39F-32210ABF7D8A}
		{05C9E539-0573-4040-9B2B-EA47F3B782C3} = {FB891D1B-13B2-456C-B39F-32210ABF7D8A}
		{93DA0994-E2FE-4D0F-B9E8-589CA815105F} = {FB891D1B-13B2-456C-B39F-32210ABF7D8A}
		{059D1819-CF0D-49FF-A743-03AA54F29E87} = {FB891D1B-13B2-456C-B39F-32210ABF7D8A}
		{ADD4D209-165A-4717-9727-5C440660AB5B} = {58AD259C-FDAC-402F-BE2C-71AF9C53DA7B}
		{1AADE533-194E-48A4-98B9-1ECC86DB6B36} = {F030F102-66F2-4521-833B-84B2210B244E}
		{F59FC517-0DF8-4632-ABDC-43B09CBE983F} = {F030F102-66F2-4521-833B-84B2210B244E}
		{029170EF-104E-4DC9-B16B-ED6535E2EA23} = {F030F102-66F2-4521-833B-84B2210B244E}
		{E5BD2460-C938-4FC0-80D7-D9A29B31DB27} = {F030F102-66F2-4521-833B-84B2210B244E}
		{DCB27587-5263-45DB-AE2D-BAEB984B75B5} = {11BD2CC6-8CBB-40CE-8DEC-DC44EF0F1636}
		{0671DFAD-CF6E-49BF-9806-35F134420BA1} = {6FAF9E25-CBFF-49AB-BC04-2F2B6A0624A8}
		{F3AAC9AF-FDA0-4A07-AD90-19227A47AADD} = {6FAF9E25-CBFF-49AB-BC04-2F2B6A0624A8}
		{9922F0B3-7A62-4993-9829-2C154D5652D2} = {6FAF9E25-CBFF-49AB-BC04-2F2B6A0624A8}
		{8F95C433-849C-4534-B0BC-44FC43940A55} = {6FAF9E25-CBFF-49AB-BC04-2F2B6A0624A8}
		{B54BBE17-731A-4CD0-8AEA-0E1371782DF0} = {BB0B517B-ABA1-4AD5-B584-1154741F0DDF}
	EndGlobalSection
	GlobalSection(ExtensibilityGlobals) = postSolution
		SolutionGuid = {EAE19FC3-C9A0-4148-9745-52D3C4D28158}
	EndGlobalSection
EndGlobal
